
Microsoft Visual Studio Solution File, Format Version 12.00
# Visual Studio 15
VisualStudioVersion = 15.0.28010.2048
MinimumVisualStudioVersion = 10.0.40219.1
Project("{FAE04EC0-301F-11D3-BF4B-00C04F79EFBC}") = "RadioApp.Android", "RadioApp\RadioApp.Android\RadioApp.Android.csproj", "{B2EE6493-241E-4104-8962-E53500FB8F5C}"
EndProject
Project("{FAE04EC0-301F-11D3-BF4B-00C04F79EFBC}") = "RadioApp.iOS", "RadioApp\RadioApp.iOS\RadioApp.iOS.csproj", "{DCD79C04-3C79-466F-8676-64128EF64344}"
EndProject
Project("{9A19103F-16F7-4668-BE54-9A1E7A4F7556}") = "RadioApp", "RadioApp\RadioApp\RadioApp.csproj", "{623B8EF7-2605-4613-B71C-B965E190D31C}"
EndProject
Project("{2150E333-8FDC-42A3-9474-1A3956D46DE8}") = "MediaManager", "MediaManager", "{E0129FB0-782B-4F82-8DB8-246BCF69C991}"
EndProject
Project("{9A19103F-16F7-4668-BE54-9A1E7A4F7556}") = "MediaManager", "RadioApp\MediaManager\MediaManager.csproj", "{251871D2-7BFA-4210-B624-DCAB3EA286AE}"
EndProject
Project("{FAE04EC0-301F-11D3-BF4B-00C04F79EFBC}") = "MediaManager.Droid", "RadioApp\MediaManager.Droid\MediaManager.Droid.csproj", "{01F6294A-4CA6-486E-B73A-D9EB4F6DC4BD}"
EndProject
Project("{9A19103F-16F7-4668-BE54-9A1E7A4F7556}") = "MediaManager.Forms", "RadioApp\MediaManager.Forms\MediaManager.Forms.csproj", "{53F45496-E849-403B-8A11-2A3447315BDB}"
EndProject
Project("{FAE04EC0-301F-11D3-BF4B-00C04F79EFBC}") = "MediaManager.iOS", "RadioApp\MediaManager.iOS\MediaManager.iOS.csproj", "{FEA28D0F-B98D-457B-951F-69AB74617B83}"
EndProject
Global
	GlobalSection(SolutionConfigurationPlatforms) = preSolution
		Ad-Hoc|Any CPU = Ad-Hoc|Any CPU
		Ad-Hoc|iPhone = Ad-Hoc|iPhone
		Ad-Hoc|iPhoneSimulator = Ad-Hoc|iPhoneSimulator
		AppStore|Any CPU = AppStore|Any CPU
		AppStore|iPhone = AppStore|iPhone
		AppStore|iPhoneSimulator = AppStore|iPhoneSimulator
		Debug|Any CPU = Debug|Any CPU
		Debug|iPhone = Debug|iPhone
		Debug|iPhoneSimulator = Debug|iPhoneSimulator
		Release|Any CPU = Release|Any CPU
		Release|iPhone = Release|iPhone
		Release|iPhoneSimulator = Release|iPhoneSimulator
	EndGlobalSection
	GlobalSection(ProjectConfigurationPlatforms) = postSolution
		{B2EE6493-241E-4104-8962-E53500FB8F5C}.Ad-Hoc|Any CPU.ActiveCfg = Release|Any CPU
		{B2EE6493-241E-4104-8962-E53500FB8F5C}.Ad-Hoc|Any CPU.Build.0 = Release|Any CPU
		{B2EE6493-241E-4104-8962-E53500FB8F5C}.Ad-Hoc|Any CPU.Deploy.0 = Release|Any CPU
		{B2EE6493-241E-4104-8962-E53500FB8F5C}.Ad-Hoc|iPhone.ActiveCfg = Release|Any CPU
		{B2EE6493-241E-4104-8962-E53500FB8F5C}.Ad-Hoc|iPhone.Build.0 = Release|Any CPU
		{B2EE6493-241E-4104-8962-E53500FB8F5C}.Ad-Hoc|iPhone.Deploy.0 = Release|Any CPU
		{B2EE6493-241E-4104-8962-E53500FB8F5C}.Ad-Hoc|iPhoneSimulator.ActiveCfg = Release|Any CPU
		{B2EE6493-241E-4104-8962-E53500FB8F5C}.Ad-Hoc|iPhoneSimulator.Build.0 = Release|Any CPU
		{B2EE6493-241E-4104-8962-E53500FB8F5C}.Ad-Hoc|iPhoneSimulator.Deploy.0 = Release|Any CPU
		{B2EE6493-241E-4104-8962-E53500FB8F5C}.AppStore|Any CPU.ActiveCfg = Release|Any CPU
		{B2EE6493-241E-4104-8962-E53500FB8F5C}.AppStore|Any CPU.Build.0 = Release|Any CPU
		{B2EE6493-241E-4104-8962-E53500FB8F5C}.AppStore|Any CPU.Deploy.0 = Release|Any CPU
		{B2EE6493-241E-4104-8962-E53500FB8F5C}.AppStore|iPhone.ActiveCfg = Release|Any CPU
		{B2EE6493-241E-4104-8962-E53500FB8F5C}.AppStore|iPhone.Build.0 = Release|Any CPU
		{B2EE6493-241E-4104-8962-E53500FB8F5C}.AppStore|iPhone.Deploy.0 = Release|Any CPU
		{B2EE6493-241E-4104-8962-E53500FB8F5C}.AppStore|iPhoneSimulator.ActiveCfg = Release|Any CPU
		{B2EE6493-241E-4104-8962-E53500FB8F5C}.AppStore|iPhoneSimulator.Build.0 = Release|Any CPU
		{B2EE6493-241E-4104-8962-E53500FB8F5C}.AppStore|iPhoneSimulator.Deploy.0 = Release|Any CPU
		{B2EE6493-241E-4104-8962-E53500FB8F5C}.Debug|Any CPU.ActiveCfg = Debug|Any CPU
		{B2EE6493-241E-4104-8962-E53500FB8F5C}.Debug|Any CPU.Build.0 = Debug|Any CPU
		{B2EE6493-241E-4104-8962-E53500FB8F5C}.Debug|Any CPU.Deploy.0 = Debug|Any CPU
		{B2EE6493-241E-4104-8962-E53500FB8F5C}.Debug|iPhone.ActiveCfg = Debug|Any CPU
		{B2EE6493-241E-4104-8962-E53500FB8F5C}.Debug|iPhone.Build.0 = Debug|Any CPU
		{B2EE6493-241E-4104-8962-E53500FB8F5C}.Debug|iPhone.Deploy.0 = Debug|Any CPU
		{B2EE6493-241E-4104-8962-E53500FB8F5C}.Debug|iPhoneSimulator.ActiveCfg = Debug|Any CPU
		{B2EE6493-241E-4104-8962-E53500FB8F5C}.Debug|iPhoneSimulator.Build.0 = Debug|Any CPU
		{B2EE6493-241E-4104-8962-E53500FB8F5C}.Debug|iPhoneSimulator.Deploy.0 = Debug|Any CPU
		{B2EE6493-241E-4104-8962-E53500FB8F5C}.Release|Any CPU.ActiveCfg = Release|Any CPU
		{B2EE6493-241E-4104-8962-E53500FB8F5C}.Release|Any CPU.Build.0 = Release|Any CPU
		{B2EE6493-241E-4104-8962-E53500FB8F5C}.Release|Any CPU.Deploy.0 = Release|Any CPU
		{B2EE6493-241E-4104-8962-E53500FB8F5C}.Release|iPhone.ActiveCfg = Release|Any CPU
		{B2EE6493-241E-4104-8962-E53500FB8F5C}.Release|iPhone.Build.0 = Release|Any CPU
		{B2EE6493-241E-4104-8962-E53500FB8F5C}.Release|iPhone.Deploy.0 = Release|Any CPU
		{B2EE6493-241E-4104-8962-E53500FB8F5C}.Release|iPhoneSimulator.ActiveCfg = Release|Any CPU
		{B2EE6493-241E-4104-8962-E53500FB8F5C}.Release|iPhoneSimulator.Build.0 = Release|Any CPU
		{B2EE6493-241E-4104-8962-E53500FB8F5C}.Release|iPhoneSimulator.Deploy.0 = Release|Any CPU
		{DCD79C04-3C79-466F-8676-64128EF64344}.Ad-Hoc|Any CPU.ActiveCfg = Ad-Hoc|iPhone
		{DCD79C04-3C79-466F-8676-64128EF64344}.Ad-Hoc|Any CPU.Build.0 = Ad-Hoc|iPhone
		{DCD79C04-3C79-466F-8676-64128EF64344}.Ad-Hoc|Any CPU.Deploy.0 = Ad-Hoc|iPhone
		{DCD79C04-3C79-466F-8676-64128EF64344}.Ad-Hoc|iPhone.ActiveCfg = Ad-Hoc|iPhone
		{DCD79C04-3C79-466F-8676-64128EF64344}.Ad-Hoc|iPhone.Build.0 = Ad-Hoc|iPhone
		{DCD79C04-3C79-466F-8676-64128EF64344}.Ad-Hoc|iPhone.Deploy.0 = Ad-Hoc|iPhone
		{DCD79C04-3C79-466F-8676-64128EF64344}.Ad-Hoc|iPhoneSimulator.ActiveCfg = Ad-Hoc|iPhoneSimulator
		{DCD79C04-3C79-466F-8676-64128EF64344}.Ad-Hoc|iPhoneSimulator.Build.0 = Ad-Hoc|iPhoneSimulator
		{DCD79C04-3C79-466F-8676-64128EF64344}.Ad-Hoc|iPhoneSimulator.Deploy.0 = Ad-Hoc|iPhoneSimulator
		{DCD79C04-3C79-466F-8676-64128EF64344}.AppStore|Any CPU.ActiveCfg = AppStore|iPhone
		{DCD79C04-3C79-466F-8676-64128EF64344}.AppStore|Any CPU.Build.0 = AppStore|iPhone
		{DCD79C04-3C79-466F-8676-64128EF64344}.AppStore|Any CPU.Deploy.0 = AppStore|iPhone
		{DCD79C04-3C79-466F-8676-64128EF64344}.AppStore|iPhone.ActiveCfg = AppStore|iPhone
		{DCD79C04-3C79-466F-8676-64128EF64344}.AppStore|iPhone.Build.0 = AppStore|iPhone
		{DCD79C04-3C79-466F-8676-64128EF64344}.AppStore|iPhone.Deploy.0 = AppStore|iPhone
		{DCD79C04-3C79-466F-8676-64128EF64344}.AppStore|iPhoneSimulator.ActiveCfg = AppStore|iPhoneSimulator
		{DCD79C04-3C79-466F-8676-64128EF64344}.AppStore|iPhoneSimulator.Build.0 = AppStore|iPhoneSimulator
		{DCD79C04-3C79-466F-8676-64128EF64344}.AppStore|iPhoneSimulator.Deploy.0 = AppStore|iPhoneSimulator
		{DCD79C04-3C79-466F-8676-64128EF64344}.Debug|Any CPU.ActiveCfg = Debug|iPhoneSimulator
		{DCD79C04-3C79-466F-8676-64128EF64344}.Debug|Any CPU.Build.0 = Debug|iPhoneSimulator
		{DCD79C04-3C79-466F-8676-64128EF64344}.Debug|Any CPU.Deploy.0 = Debug|iPhoneSimulator
		{DCD79C04-3C79-466F-8676-64128EF64344}.Debug|iPhone.ActiveCfg = Debug|iPhone
		{DCD79C04-3C79-466F-8676-64128EF64344}.Debug|iPhone.Build.0 = Debug|iPhone
		{DCD79C04-3C79-466F-8676-64128EF64344}.Debug|iPhone.Deploy.0 = Debug|iPhone
		{DCD79C04-3C79-466F-8676-64128EF64344}.Debug|iPhoneSimulator.ActiveCfg = Debug|iPhoneSimulator
		{DCD79C04-3C79-466F-8676-64128EF64344}.Debug|iPhoneSimulator.Build.0 = Debug|iPhoneSimulator
		{DCD79C04-3C79-466F-8676-64128EF64344}.Debug|iPhoneSimulator.Deploy.0 = Debug|iPhoneSimulator
		{DCD79C04-3C79-466F-8676-64128EF64344}.Release|Any CPU.ActiveCfg = Release|iPhone
		{DCD79C04-3C79-466F-8676-64128EF64344}.Release|Any CPU.Build.0 = Release|iPhone
		{DCD79C04-3C79-466F-8676-64128EF64344}.Release|Any CPU.Deploy.0 = Release|iPhone
		{DCD79C04-3C79-466F-8676-64128EF64344}.Release|iPhone.ActiveCfg = Release|iPhone
		{DCD79C04-3C79-466F-8676-64128EF64344}.Release|iPhone.Build.0 = Release|iPhone
		{DCD79C04-3C79-466F-8676-64128EF64344}.Release|iPhone.Deploy.0 = Release|iPhone
		{DCD79C04-3C79-466F-8676-64128EF64344}.Release|iPhoneSimulator.ActiveCfg = Release|iPhoneSimulator
		{DCD79C04-3C79-466F-8676-64128EF64344}.Release|iPhoneSimulator.Build.0 = Release|iPhoneSimulator
		{DCD79C04-3C79-466F-8676-64128EF64344}.Release|iPhoneSimulator.Deploy.0 = Release|iPhoneSimulator
		{623B8EF7-2605-4613-B71C-B965E190D31C}.Ad-Hoc|Any CPU.ActiveCfg = Debug|Any CPU
		{623B8EF7-2605-4613-B71C-B965E190D31C}.Ad-Hoc|Any CPU.Build.0 = Debug|Any CPU
		{623B8EF7-2605-4613-B71C-B965E190D31C}.Ad-Hoc|Any CPU.Deploy.0 = Debug|Any CPU
		{623B8EF7-2605-4613-B71C-B965E190D31C}.Ad-Hoc|iPhone.ActiveCfg = Debug|Any CPU
		{623B8EF7-2605-4613-B71C-B965E190D31C}.Ad-Hoc|iPhone.Build.0 = Debug|Any CPU
		{623B8EF7-2605-4613-B71C-B965E190D31C}.Ad-Hoc|iPhone.Deploy.0 = Debug|Any CPU
		{623B8EF7-2605-4613-B71C-B965E190D31C}.Ad-Hoc|iPhoneSimulator.ActiveCfg = Debug|Any CPU
		{623B8EF7-2605-4613-B71C-B965E190D31C}.Ad-Hoc|iPhoneSimulator.Build.0 = Debug|Any CPU
		{623B8EF7-2605-4613-B71C-B965E190D31C}.Ad-Hoc|iPhoneSimulator.Deploy.0 = Debug|Any CPU
		{623B8EF7-2605-4613-B71C-B965E190D31C}.AppStore|Any CPU.ActiveCfg = Debug|Any CPU
		{623B8EF7-2605-4613-B71C-B965E190D31C}.AppStore|Any CPU.Build.0 = Debug|Any CPU
		{623B8EF7-2605-4613-B71C-B965E190D31C}.AppStore|Any CPU.Deploy.0 = Debug|Any CPU
		{623B8EF7-2605-4613-B71C-B965E190D31C}.AppStore|iPhone.ActiveCfg = Debug|Any CPU
		{623B8EF7-2605-4613-B71C-B965E190D31C}.AppStore|iPhone.Build.0 = Debug|Any CPU
		{623B8EF7-2605-4613-B71C-B965E190D31C}.AppStore|iPhone.Deploy.0 = Debug|Any CPU
		{623B8EF7-2605-4613-B71C-B965E190D31C}.AppStore|iPhoneSimulator.ActiveCfg = Debug|Any CPU
		{623B8EF7-2605-4613-B71C-B965E190D31C}.AppStore|iPhoneSimulator.Build.0 = Debug|Any CPU
		{623B8EF7-2605-4613-B71C-B965E190D31C}.AppStore|iPhoneSimulator.Deploy.0 = Debug|Any CPU
		{623B8EF7-2605-4613-B71C-B965E190D31C}.Debug|Any CPU.ActiveCfg = Debug|Any CPU
		{623B8EF7-2605-4613-B71C-B965E190D31C}.Debug|Any CPU.Build.0 = Debug|Any CPU
		{623B8EF7-2605-4613-B71C-B965E190D31C}.Debug|Any CPU.Deploy.0 = Debug|Any CPU
		{623B8EF7-2605-4613-B71C-B965E190D31C}.Debug|iPhone.ActiveCfg = Debug|Any CPU
		{623B8EF7-2605-4613-B71C-B965E190D31C}.Debug|iPhone.Build.0 = Debug|Any CPU
		{623B8EF7-2605-4613-B71C-B965E190D31C}.Debug|iPhone.Deploy.0 = Debug|Any CPU
		{623B8EF7-2605-4613-B71C-B965E190D31C}.Debug|iPhoneSimulator.ActiveCfg = Debug|Any CPU
		{623B8EF7-2605-4613-B71C-B965E190D31C}.Debug|iPhoneSimulator.Build.0 = Debug|Any CPU
		{623B8EF7-2605-4613-B71C-B965E190D31C}.Debug|iPhoneSimulator.Deploy.0 = Debug|Any CPU
		{623B8EF7-2605-4613-B71C-B965E190D31C}.Release|Any CPU.ActiveCfg = Release|Any CPU
		{623B8EF7-2605-4613-B71C-B965E190D31C}.Release|Any CPU.Build.0 = Release|Any CPU
		{623B8EF7-2605-4613-B71C-B965E190D31C}.Release|Any CPU.Deploy.0 = Release|Any CPU
		{623B8EF7-2605-4613-B71C-B965E190D31C}.Release|iPhone.ActiveCfg = Release|Any CPU
		{623B8EF7-2605-4613-B71C-B965E190D31C}.Release|iPhone.Build.0 = Release|Any CPU
		{623B8EF7-2605-4613-B71C-B965E190D31C}.Release|iPhone.Deploy.0 = Release|Any CPU
		{623B8EF7-2605-4613-B71C-B965E190D31C}.Release|iPhoneSimulator.ActiveCfg = Release|Any CPU
		{623B8EF7-2605-4613-B71C-B965E190D31C}.Release|iPhoneSimulator.Build.0 = Release|Any CPU
		{623B8EF7-2605-4613-B71C-B965E190D31C}.Release|iPhoneSimulator.Deploy.0 = Release|Any CPU
		{251871D2-7BFA-4210-B624-DCAB3EA286AE}.Ad-Hoc|Any CPU.ActiveCfg = Debug|Any CPU
		{251871D2-7BFA-4210-B624-DCAB3EA286AE}.Ad-Hoc|Any CPU.Build.0 = Debug|Any CPU
		{251871D2-7BFA-4210-B624-DCAB3EA286AE}.Ad-Hoc|iPhone.ActiveCfg = Debug|Any CPU
		{251871D2-7BFA-4210-B624-DCAB3EA286AE}.Ad-Hoc|iPhone.Build.0 = Debug|Any CPU
		{251871D2-7BFA-4210-B624-DCAB3EA286AE}.Ad-Hoc|iPhoneSimulator.ActiveCfg = Debug|Any CPU
		{251871D2-7BFA-4210-B624-DCAB3EA286AE}.Ad-Hoc|iPhoneSimulator.Build.0 = Debug|Any CPU
		{251871D2-7BFA-4210-B624-DCAB3EA286AE}.AppStore|Any CPU.ActiveCfg = Debug|Any CPU
		{251871D2-7BFA-4210-B624-DCAB3EA286AE}.AppStore|Any CPU.Build.0 = Debug|Any CPU
		{251871D2-7BFA-4210-B624-DCAB3EA286AE}.AppStore|iPhone.ActiveCfg = Debug|Any CPU
		{251871D2-7BFA-4210-B624-DCAB3EA286AE}.AppStore|iPhone.Build.0 = Debug|Any CPU
		{251871D2-7BFA-4210-B624-DCAB3EA286AE}.AppStore|iPhoneSimulator.ActiveCfg = Debug|Any CPU
		{251871D2-7BFA-4210-B624-DCAB3EA286AE}.AppStore|iPhoneSimulator.Build.0 = Debug|Any CPU
		{251871D2-7BFA-4210-B624-DCAB3EA286AE}.Debug|Any CPU.ActiveCfg = Debug|Any CPU
		{251871D2-7BFA-4210-B624-DCAB3EA286AE}.Debug|Any CPU.Build.0 = Debug|Any CPU
		{251871D2-7BFA-4210-B624-DCAB3EA286AE}.Debug|iPhone.ActiveCfg = Debug|Any CPU
		{251871D2-7BFA-4210-B624-DCAB3EA286AE}.Debug|iPhone.Build.0 = Debug|Any CPU
		{251871D2-7BFA-4210-B624-DCAB3EA286AE}.Debug|iPhoneSimulator.ActiveCfg = Debug|Any CPU
		{251871D2-7BFA-4210-B624-DCAB3EA286AE}.Debug|iPhoneSimulator.Build.0 = Debug|Any CPU
		{251871D2-7BFA-4210-B624-DCAB3EA286AE}.Release|Any CPU.ActiveCfg = Release|Any CPU
		{251871D2-7BFA-4210-B624-DCAB3EA286AE}.Release|Any CPU.Build.0 = Release|Any CPU
		{251871D2-7BFA-4210-B624-DCAB3EA286AE}.Release|iPhone.ActiveCfg = Release|Any CPU
		{251871D2-7BFA-4210-B624-DCAB3EA286AE}.Release|iPhone.Build.0 = Release|Any CPU
		{251871D2-7BFA-4210-B624-DCAB3EA286AE}.Release|iPhoneSimulator.ActiveCfg = Release|Any CPU
		{251871D2-7BFA-4210-B624-DCAB3EA286AE}.Release|iPhoneSimulator.Build.0 = Release|Any CPU
		{01F6294A-4CA6-486E-B73A-D9EB4F6DC4BD}.Ad-Hoc|Any CPU.ActiveCfg = Release|Any CPU
		{01F6294A-4CA6-486E-B73A-D9EB4F6DC4BD}.Ad-Hoc|Any CPU.Build.0 = Release|Any CPU
		{01F6294A-4CA6-486E-B73A-D9EB4F6DC4BD}.Ad-Hoc|iPhone.ActiveCfg = Release|Any CPU
		{01F6294A-4CA6-486E-B73A-D9EB4F6DC4BD}.Ad-Hoc|iPhone.Build.0 = Release|Any CPU
		{01F6294A-4CA6-486E-B73A-D9EB4F6DC4BD}.Ad-Hoc|iPhoneSimulator.ActiveCfg = Release|Any CPU
		{01F6294A-4CA6-486E-B73A-D9EB4F6DC4BD}.Ad-Hoc|iPhoneSimulator.Build.0 = Release|Any CPU
		{01F6294A-4CA6-486E-B73A-D9EB4F6DC4BD}.AppStore|Any CPU.ActiveCfg = Release|Any CPU
		{01F6294A-4CA6-486E-B73A-D9EB4F6DC4BD}.AppStore|Any CPU.Build.0 = Release|Any CPU
		{01F6294A-4CA6-486E-B73A-D9EB4F6DC4BD}.AppStore|iPhone.ActiveCfg = Release|Any CPU
		{01F6294A-4CA6-486E-B73A-D9EB4F6DC4BD}.AppStore|iPhone.Build.0 = Release|Any CPU
		{01F6294A-4CA6-486E-B73A-D9EB4F6DC4BD}.AppStore|iPhoneSimulator.ActiveCfg = Release|Any CPU
		{01F6294A-4CA6-486E-B73A-D9EB4F6DC4BD}.AppStore|iPhoneSimulator.Build.0 = Release|Any CPU
		{01F6294A-4CA6-486E-B73A-D9EB4F6DC4BD}.Debug|Any CPU.ActiveCfg = Debug|Any CPU
		{01F6294A-4CA6-486E-B73A-D9EB4F6DC4BD}.Debug|Any CPU.Build.0 = Debug|Any CPU
		{01F6294A-4CA6-486E-B73A-D9EB4F6DC4BD}.Debug|iPhone.ActiveCfg = Debug|Any CPU
		{01F6294A-4CA6-486E-B73A-D9EB4F6DC4BD}.Debug|iPhone.Build.0 = Debug|Any CPU
		{01F6294A-4CA6-486E-B73A-D9EB4F6DC4BD}.Debug|iPhoneSimulator.ActiveCfg = Debug|Any CPU
		{01F6294A-4CA6-486E-B73A-D9EB4F6DC4BD}.Debug|iPhoneSimulator.Build.0 = Debug|Any CPU
		{01F6294A-4CA6-486E-B73A-D9EB4F6DC4BD}.Release|Any CPU.ActiveCfg = Release|Any CPU
		{01F6294A-4CA6-486E-B73A-D9EB4F6DC4BD}.Release|Any CPU.Build.0 = Release|Any CPU
		{01F6294A-4CA6-486E-B73A-D9EB4F6DC4BD}.Release|iPhone.ActiveCfg = Release|Any CPU
		{01F6294A-4CA6-486E-B73A-D9EB4F6DC4BD}.Release|iPhone.Build.0 = Release|Any CPU
		{01F6294A-4CA6-486E-B73A-D9EB4F6DC4BD}.Release|iPhoneSimulator.ActiveCfg = Release|Any CPU
		{01F6294A-4CA6-486E-B73A-D9EB4F6DC4BD}.Release|iPhoneSimulator.Build.0 = Release|Any CPU
		{53F45496-E849-403B-8A11-2A3447315BDB}.Ad-Hoc|Any CPU.ActiveCfg = Debug|Any CPU
		{53F45496-E849-403B-8A11-2A3447315BDB}.Ad-Hoc|Any CPU.Build.0 = Debug|Any CPU
		{53F45496-E849-403B-8A11-2A3447315BDB}.Ad-Hoc|iPhone.ActiveCfg = Debug|Any CPU
		{53F45496-E849-403B-8A11-2A3447315BDB}.Ad-Hoc|iPhone.Build.0 = Debug|Any CPU
		{53F45496-E849-403B-8A11-2A3447315BDB}.Ad-Hoc|iPhoneSimulator.ActiveCfg = Debug|Any CPU
		{53F45496-E849-403B-8A11-2A3447315BDB}.Ad-Hoc|iPhoneSimulator.Build.0 = Debug|Any CPU
		{53F45496-E849-403B-8A11-2A3447315BDB}.AppStore|Any CPU.ActiveCfg = Debug|Any CPU
		{53F45496-E849-403B-8A11-2A3447315BDB}.AppStore|Any CPU.Build.0 = Debug|Any CPU
		{53F45496-E849-403B-8A11-2A3447315BDB}.AppStore|iPhone.ActiveCfg = Debug|Any CPU
		{53F45496-E849-403B-8A11-2A3447315BDB}.AppStore|iPhone.Build.0 = Debug|Any CPU
		{53F45496-E849-403B-8A11-2A3447315BDB}.AppStore|iPhoneSimulator.ActiveCfg = Debug|Any CPU
		{53F45496-E849-403B-8A11-2A3447315BDB}.AppStore|iPhoneSimulator.Build.0 = Debug|Any CPU
		{53F45496-E849-403B-8A11-2A3447315BDB}.Debug|Any CPU.ActiveCfg = Debug|Any CPU
		{53F45496-E849-403B-8A11-2A3447315BDB}.Debug|Any CPU.Build.0 = Debug|Any CPU
		{53F45496-E849-403B-8A11-2A3447315BDB}.Debug|iPhone.ActiveCfg = Debug|Any CPU
		{53F45496-E849-403B-8A11-2A3447315BDB}.Debug|iPhone.Build.0 = Debug|Any CPU
		{53F45496-E849-403B-8A11-2A3447315BDB}.Debug|iPhoneSimulator.ActiveCfg = Debug|Any CPU
		{53F45496-E849-403B-8A11-2A3447315BDB}.Debug|iPhoneSimulator.Build.0 = Debug|Any CPU
		{53F45496-E849-403B-8A11-2A3447315BDB}.Release|Any CPU.ActiveCfg = Release|Any CPU
		{53F45496-E849-403B-8A11-2A3447315BDB}.Release|Any CPU.Build.0 = Release|Any CPU
		{53F45496-E849-403B-8A11-2A3447315BDB}.Release|iPhone.ActiveCfg = Release|Any CPU
		{53F45496-E849-403B-8A11-2A3447315BDB}.Release|iPhone.Build.0 = Release|Any CPU
		{53F45496-E849-403B-8A11-2A3447315BDB}.Release|iPhoneSimulator.ActiveCfg = Release|Any CPU
		{53F45496-E849-403B-8A11-2A3447315BDB}.Release|iPhoneSimulator.Build.0 = Release|Any CPU
		{FEA28D0F-B98D-457B-951F-69AB74617B83}.Ad-Hoc|Any CPU.ActiveCfg = Release|Any CPU
		{FEA28D0F-B98D-457B-951F-69AB74617B83}.Ad-Hoc|Any CPU.Build.0 = Release|Any CPU
		{FEA28D0F-B98D-457B-951F-69AB74617B83}.Ad-Hoc|iPhone.ActiveCfg = Release|Any CPU
		{FEA28D0F-B98D-457B-951F-69AB74617B83}.Ad-Hoc|iPhone.Build.0 = Release|Any CPU
		{FEA28D0F-B98D-457B-951F-69AB74617B83}.Ad-Hoc|iPhoneSimulator.ActiveCfg = Release|Any CPU
		{FEA28D0F-B98D-457B-951F-69AB74617B83}.Ad-Hoc|iPhoneSimulator.Build.0 = Release|Any CPU
		{FEA28D0F-B98D-457B-951F-69AB74617B83}.AppStore|Any CPU.ActiveCfg = Release|Any CPU
		{FEA28D0F-B98D-457B-951F-69AB74617B83}.AppStore|Any CPU.Build.0 = Release|Any CPU
		{FEA28D0F-B98D-457B-951F-69AB74617B83}.AppStore|iPhone.ActiveCfg = Release|Any CPU
		{FEA28D0F-B98D-457B-951F-69AB74617B83}.AppStore|iPhone.Build.0 = Release|Any CPU
		{FEA28D0F-B98D-457B-951F-69AB74617B83}.AppStore|iPhoneSimulator.ActiveCfg = Release|Any CPU
		{FEA28D0F-B98D-457B-951F-69AB74617B83}.AppStore|iPhoneSimulator.Build.0 = Release|Any CPU
		{FEA28D0F-B98D-457B-951F-69AB74617B83}.Debug|Any CPU.ActiveCfg = Debug|Any CPU
		{FEA28D0F-B98D-457B-951F-69AB74617B83}.Debug|Any CPU.Build.0 = Debug|Any CPU
		{FEA28D0F-B98D-457B-951F-69AB74617B83}.Debug|iPhone.ActiveCfg = Debug|Any CPU
		{FEA28D0F-B98D-457B-951F-69AB74617B83}.Debug|iPhone.Build.0 = Debug|Any CPU
		{FEA28D0F-B98D-457B-951F-69AB74617B83}.Debug|iPhoneSimulator.ActiveCfg = Debug|Any CPU
		{FEA28D0F-B98D-457B-951F-69AB74617B83}.Debug|iPhoneSimulator.Build.0 = Debug|Any CPU
		{FEA28D0F-B98D-457B-951F-69AB74617B83}.Release|Any CPU.ActiveCfg = Release|Any CPU
		{FEA28D0F-B98D-457B-951F-69AB74617B83}.Release|Any CPU.Build.0 = Release|Any CPU
		{FEA28D0F-B98D-457B-951F-69AB74617B83}.Release|iPhone.ActiveCfg = Release|Any CPU
		{FEA28D0F-B98D-457B-951F-69AB74617B83}.Release|iPhone.Build.0 = Release|Any CPU
		{FEA28D0F-B98D-457B-951F-69AB74617B83}.Release|iPhoneSimulator.ActiveCfg = Release|Any CPU
		{FEA28D0F-B98D-457B-951F-69AB74617B83}.Release|iPhoneSimulator.Build.0 = Release|Any CPU
	EndGlobalSection
	GlobalSection(SolutionProperties) = preSolution
		HideSolutionNode = FALSE
	EndGlobalSection
	GlobalSection(NestedProjects) = preSolution
		{251871D2-7BFA-4210-B624-DCAB3EA286AE} = {E0129FB0-782B-4F82-8DB8-246BCF69C991}
		{01F6294A-4CA6-486E-B73A-D9EB4F6DC4BD} = {E0129FB0-782B-4F82-8DB8-246BCF69C991}
		{53F45496-E849-403B-8A11-2A3447315BDB} = {E0129FB0-782B-4F82-8DB8-246BCF69C991}
		{FEA28D0F-B98D-457B-951F-69AB74617B83} = {E0129FB0-782B-4F82-8DB8-246BCF69C991}
	EndGlobalSection
	GlobalSection(ExtensibilityGlobals) = postSolution
		SolutionGuid = {2627F382-0185-4888-9889-920315DD73E5}
	EndGlobalSection
EndGlobal
